Microsoft Visual Studio Solution File, Format Version 12.00
# Visual Studio Version 17
VisualStudioVersion = 17.5.2.0
MinimumVisualStudioVersion = 10.0.40219.1
Project("{FAE04EC0-301F-11D3-BF4B-00C04F79EFBC}") = "netmvc", "netmvc.csproj", "{B881BD0E-7104-346A-681B-2B5BEC56BB58}"
EndProject
Global
	GlobalSection(SolutionConfigurationPlatforms) = preSolution
		Debug|Any CPU = Debug|Any CPU
		Release|Any CPU = Release|Any CPU
	EndGlobalSection
	GlobalSection(ProjectConfigurationPlatforms) = postSolution
		{B881BD0E-7104-346A-681B-2B5BEC56BB58}.Debug|Any CPU.ActiveCfg = Debug|Any CPU
		{B881BD0E-7104-346A-681B-2B5BEC56BB58}.Debug|Any CPU.Build.0 = Debug|Any CPU
		{B881BD0E-7104-346A-681B-2B5BEC56BB58}.Release|Any CPU.ActiveCfg = Release|Any CPU
		{B881BD0E-7104-346A-681B-2B5BEC56BB58}.Release|Any CPU.Build.0 = Release|Any CPU
	EndGlobalSection
	GlobalSection(SolutionProperties) = preSolution
		HideSolutionNode = FALSE
	EndGlobalSection
	GlobalSection(ExtensibilityGlobals) = postSolution
		SolutionGuid = {79E63E2B-39C6-46B9-B314-F05EB7B8D285}
	EndGlobalSection
EndGlobal
